
Microsoft Visual Studio Solution File, Format Version 12.00
# Visual Studio Version 16
VisualStudioVersion = 16.0.30503.244
MinimumVisualStudioVersion = 10.0.40219.1
Project("{FAE04EC0-301F-11D3-BF4B-00C04F79EFBC}") = "Labs2", "Labs2\Labs2.csproj", "{8A43E113-292C-45DC-BBE6-BC272CECEE46}"
EndProject
Global
	GlobalSection(SolutionConfigurationPlatforms) = preSolution
		Debug|Any CPU = Debug|Any CPU
		Release|Any CPU = Release|Any CPU
	EndGlobalSection
	GlobalSection(ProjectConfigurationPlatforms) = postSolution
		{8A43E113-292C-45DC-BBE6-BC272CECEE46}.Debug|Any CPU.ActiveCfg = Debug|Any CPU
		{8A43E113-292C-45DC-BBE6-BC272CECEE46}.Debug|Any CPU.Build.0 = Debug|Any CPU
		{8A43E113-292C-45DC-BBE6-BC272CECEE46}.Release|Any CPU.ActiveCfg = Release|Any CPU
		{8A43E113-292C-45DC-BBE6-BC272CECEE46}.Release|Any CPU.Build.0 = Release|Any CPU
	EndGlobalSection
	GlobalSection(SolutionProperties) = preSolution
		HideSolutionNode = FALSE
	EndGlobalSection
	GlobalSection(ExtensibilityGlobals) = postSolution
		SolutionGuid = {1C867CF3-3C3A-418B-AE32-155CFB4F9F76}
	EndGlobalSection
EndGlobal
